// !$*UTF8*$!
{
	archiveVersion = 1;
	classes = {
	};
	objectVersion = 50;
	objects = {

/* Begin PBXBuildFile section */
		B514DC63265079EB007912DA /* Foundation.framework in Frameworks */ = {isa = PBXBuildFile; fileRef = B514DC62265079EB007912DA /* Foundation.framework */; };
		B514DC6B265079EB007912DA /* hsl.mm in Sources */ = {isa = PBXBuildFile; fileRef = B514DC6A265079EB007912DA /* hsl.mm */; };
		B514DC7826507F03007912DA /* hsl-Prefix.pch in Headers */ = {isa = PBXBuildFile; fileRef = B514DC7726507F03007912DA /* hsl-Prefix.pch */; };
/* End PBXBuildFile section */

/* Begin PBXFileReference section */
		B514DC5F265079EB007912DA /* hsl.dylib */ = {isa = PBXFileReference; explicitFileType = "compiled.mach-o.dylib"; includeInIndex = 0; path = hsl.dylib; sourceTree = BUILT_PRODUCTS_DIR; };
		B514DC62265079EB007912DA /* Foundation.framework */ = {isa = PBXFileReference; lastKnownFileType = wrapper.framework; name = Foundation.framework; path = System/Library/Frameworks/Foundation.framework; sourceTree = SDKROOT; };
		B514DC67265079EB007912DA /* control */ = {isa = PBXFileReference; lastKnownFileType = text; path = control; sourceTree = "<group>"; };
		B514DC6A265079EB007912DA /* hsl.mm */ = {isa = PBXFileReference; lastKnownFileType = sourcecode.cpp.objcpp; path = hsl.mm; sourceTree = "<group>"; };
		B514DC6F265079EB007912DA /* hsl.plist */ = {isa = PBXFileReference; lastKnownFileType = text.plist.xml; path = hsl.plist; sourceTree = "<group>"; };
		B514DC7726507F03007912DA /* hsl-Prefix.pch */ = {isa = PBXFileReference; fileEncoding = 4; lastKnownFileType = sourcecode.c.h; name = "hsl-Prefix.pch"; path = "hsl/hsl-Prefix.pch"; sourceTree = SOURCE_ROOT; };
/* End PBXFileReference section */

/* Begin PBXFrameworksBuildPhase section */
		B514DC5B265079EB007912DA /* Frameworks */ = {
			isa = PBXFrameworksBuildPhase;
			buildActionMask = 2147483647;
			files = (
				B514DC63265079EB007912DA /* Foundation.framework in Frameworks */,
			);
			runOnlyForDeploymentPostprocessing = 0;
		};
/* End PBXFrameworksBuildPhase section */

/* Begin PBXGroup section */
		B514DC55265079EB007912DA = {
			isa = PBXGroup;
			children = (
				B514DC64265079EB007912DA /* hsl */,
				B514DC61265079EB007912DA /* Frameworks */,
				B514DC60265079EB007912DA /* Products */,
			);
			sourceTree = "<group>";
		};
		B514DC60265079EB007912DA /* Products */ = {
			isa = PBXGroup;
			children = (
				B514DC5F265079EB007912DA /* hsl.dylib */,
			);
			name = Products;
			sourceTree = "<group>";
		};
		B514DC61265079EB007912DA /* Frameworks */ = {
			isa = PBXGroup;
			children = (
				B514DC62265079EB007912DA /* Foundation.framework */,
			);
			name = Frameworks;
			sourceTree = "<group>";
		};
		B514DC64265079EB007912DA /* hsl */ = {
			isa = PBXGroup;
			children = (
				B514DC6A265079EB007912DA /* hsl.mm */,
				B514DC65265079EB007912DA /* Package */,
				B514DC68265079EB007912DA /* Supporting Files */,
			);
			path = hsl;
			sourceTree = "<group>";
		};
		B514DC65265079EB007912DA /* Package */ = {
			isa = PBXGroup;
			children = (
				B514DC66265079EB007912DA /* DEBIAN */,
				B514DC6C265079EB007912DA /* Library */,
			);
			path = Package;
			sourceTree = "<group>";
		};
		B514DC66265079EB007912DA /* DEBIAN */ = {
			isa = PBXGroup;
			children = (
				B514DC67265079EB007912DA /* control */,
			);
			path = DEBIAN;
			sourceTree = "<group>";
		};
		B514DC68265079EB007912DA /* Supporting Files */ = {
			isa = PBXGroup;
			children = (
				B514DC7726507F03007912DA /* hsl-Prefix.pch */,
			);
			path = "Supporting Files";
			sourceTree = "<group>";
		};
		B514DC6C265079EB007912DA /* Library */ = {
			isa = PBXGroup;
			children = (
				B514DC6D265079EB007912DA /* MobileSubstrate */,
			);
			path = Library;
			sourceTree = "<group>";
		};
		B514DC6D265079EB007912DA /* MobileSubstrate */ = {
			isa = PBXGroup;
			children = (
				B514DC6E265079EB007912DA /* DynamicLibraries */,
			);
			path = MobileSubstrate;
			sourceTree = "<group>";
		};
		B514DC6E265079EB007912DA /* DynamicLibraries */ = {
			isa = PBXGroup;
			children = (
				B514DC6F265079EB007912DA /* hsl.plist */,
			);
			path = DynamicLibraries;
			sourceTree = "<group>";
		};
/* End PBXGroup section */

/* Begin PBXHeadersBuildPhase section */
		B514DC5C265079EB007912DA /* Headers */ = {
			isa = PBXHeadersBuildPhase;
			buildActionMask = 2147483647;
			files = (
				B514DC7826507F03007912DA /* hsl-Prefix.pch in Headers */,
			);
			runOnlyForDeploymentPostprocessing = 0;
		};
/* End PBXHeadersBuildPhase section */

/* Begin PBXNativeTarget section */
		B514DC5E265079EB007912DA /* hsl */ = {
			isa = PBXNativeTarget;
			buildConfigurationList = B514DC72265079EC007912DA /* Build configuration list for PBXNativeTarget "hsl" */;
			buildPhases = (
				B514DC5A265079EB007912DA /* Sources */,
				B514DC5B265079EB007912DA /* Frameworks */,
				B514DC5C265079EB007912DA /* Headers */,
				B514DC5D265079EB007912DA /* ShellScript */,
			);
			buildRules = (
			);
			dependencies = (
			);
			name = hsl;
			productName = hsl;
			productReference = B514DC5F265079EB007912DA /* hsl.dylib */;
			productType = "com.apple.product-type.library.dynamic";
		};
/* End PBXNativeTarget section */

/* Begin PBXProject section */
		B514DC56265079EB007912DA /* Project object */ = {
			isa = PBXProject;
			attributes = {
				LastUpgradeCheck = 1140;
				TargetAttributes = {
					B514DC5E265079EB007912DA = {
						CreatedOnToolsVersion = 11.4.1;
					};
				};
			};
			buildConfigurationList = B514DC59265079EB007912DA /* Build configuration list for PBXProject "hsl" */;
			compatibilityVersion = "Xcode 9.3";
			developmentRegion = en;
			hasScannedForEncodings = 0;
			knownRegions = (
				en,
				Base,
			);
			mainGroup = B514DC55265079EB007912DA;
			productRefGroup = B514DC60265079EB007912DA /* Products */;
			projectDirPath = "";
			projectRoot = "";
			targets = (
				B514DC5E265079EB007912DA /* hsl */,
			);
		};
/* End PBXProject section */

/* Begin PBXShellScriptBuildPhase section */
		B514DC5D265079EB007912DA /* ShellScript */ = {
			isa = PBXShellScriptBuildPhase;
			buildActionMask = 2147483647;
			files = (
			);
			inputFileListPaths = (
			);
			inputPaths = (
			);
			outputFileListPaths = (
			);
			outputPaths = (
			);
			runOnlyForDeploymentPostprocessing = 0;
			shellPath = /bin/sh;
			shellScript = "/opt/MonkeyDev/bin/md --xcbp";
		};
/* End PBXShellScriptBuildPhase section */

/* Begin PBXSourcesBuildPhase section */
		B514DC5A265079EB007912DA /* Sources */ = {
			isa = PBXSourcesBuildPhase;
			buildActionMask = 2147483647;
			files = (
				B514DC6B265079EB007912DA /* hsl.mm in Sources */,
			);
			runOnlyForDeploymentPostprocessing = 0;
		};
/* End PBXSourcesBuildPhase section */

/* Begin XCBuildConfiguration section */
		B514DC70265079EB007912DA /* Release */ = {
			isa = XCBuildConfiguration;
			buildSettings = {
				ARCHS = (
					armv7,
					armv7s,
					arm64,
					arm64e,
				);
				CODE_SIGNING_ALLOWED = NO;
				COPY_PHASE_STRIP = YES;
				EXCLUDED_RECURSIVE_SEARCH_PATH_SUBDIRECTORIES = "*.nib *.lproj *.gch (*) .DS_Store CVS .svn .git .hg *.xcodeproj *.xcode *.pbproj *.pbxproj";
				FRAMEWORK_SEARCH_PATHS = (
					"$(MonkeyDevPath)/frameworks/**",
					"$(MonkeyDevTheosPath)/vendor/lib",
				);
				GCC_C_LANGUAGE_STANDARD = gnu99;
				GCC_WARN_ABOUT_MISSING_PROTOTYPES = YES;
				GCC_WARN_ABOUT_RETURN_TYPE = YES;
				GCC_WARN_UNUSED_VARIABLE = YES;
				HEADER_SEARCH_PATHS = "$(MonkeyDevTheosPath)/vendor/include/**";
				IPHONEOS_DEPLOYMENT_TARGET = 8.0;
				LIBRARY_SEARCH_PATHS = "$(MonkeyDevTheosPath)/vendor/lib/**";
				MonkeyDevPath = /opt/MonkeyDev;
				MonkeyDevTheosPath = /opt/theos;
				OTHER_CFLAGS = "-DTHEOS_INSTANCE_NAME=\"\\\"hsl\\\"\"";
				SDKROOT = iphoneos;
				TARGETED_DEVICE_FAMILY = "1,2";
				VALIDATE_PRODUCT = YES;
			};
			name = Release;
		};
		B514DC71265079EB007912DA /* Debug */ = {
			isa = XCBuildConfiguration;
			buildSettings = {
				ARCHS = (
					armv7,
					armv7s,
					arm64,
					arm64e,
				);
				CODE_SIGNING_ALLOWED = NO;
				COPY_PHASE_STRIP = NO;
				EXCLUDED_RECURSIVE_SEARCH_PATH_SUBDIRECTORIES = "*.nib *.lproj *.gch (*) .DS_Store CVS .svn .git .hg *.xcodeproj *.xcode *.pbproj *.pbxproj";
				FRAMEWORK_SEARCH_PATHS = (
					"$(MonkeyDevPath)/frameworks/**",
					"$(MonkeyDevTheosPath)/vendor/lib",
				);
				GCC_C_LANGUAGE_STANDARD = gnu99;
				GCC_DYNAMIC_NO_PIC = NO;
				GCC_OPTIMIZATION_LEVEL = 0;
				GCC_PREPROCESSOR_DEFINITIONS = (
					"DEBUG=1",
					"$(inherited)",
				);
				GCC_SYMBOLS_PRIVATE_EXTERN = NO;
				GCC_WARN_ABOUT_MISSING_PROTOTYPES = YES;
				GCC_WARN_ABOUT_RETURN_TYPE = YES;
				GCC_WARN_UNUSED_VARIABLE = YES;
				HEADER_SEARCH_PATHS = "$(MonkeyDevTheosPath)/vendor/include/**";
				IPHONEOS_DEPLOYMENT_TARGET = 8.0;
				LIBRARY_SEARCH_PATHS = "$(MonkeyDevTheosPath)/vendor/lib/**";
				MonkeyDevPath = /opt/MonkeyDev;
				MonkeyDevTheosPath = /opt/theos;
				ONLY_ACTIVE_ARCH = YES;
				OTHER_CFLAGS = "-DTHEOS_INSTANCE_NAME=\"\\\"hsl\\\"\"";
				SDKROOT = iphoneos;
				TARGETED_DEVICE_FAMILY = "1,2";
				VALIDATE_PRODUCT = NO;
			};
			name = Debug;
		};
		B514DC73265079EC007912DA /* Release */ = {
			isa = XCBuildConfiguration;
			buildSettings = {
				CLANG_ENABLE_OBJC_ARC = YES;
				CODE_SIGN_IDENTITY = "";
				CODE_SIGN_STYLE = Automatic;
				DYLIB_COMPATIBILITY_VERSION = 1;
				DYLIB_CURRENT_VERSION = 1;
				GCC_PRECOMPILE_PREFIX_HEADER = YES;
				GCC_PREFIX_HEADER = "hsl/hsl-Prefix.pch";
				HEADER_SEARCH_PATHS = (
					"$(MonkeyDevPath)/include",
					"$(MonkeyDevTheosPath)/vendor/include/**",
				);
				INSTALL_PATH = /Library/MobileSubstrate/DynamicLibraries;
				MonkeyDevBuildPackageOnAnyBuild = YES;
				MonkeyDevClearUiCacheOnInstall = NO;
				MonkeyDevCopyOnBuild = NO;
				MonkeyDevDeviceIP = 192.168.1.82;
				MonkeyDevDevicePassword = "";
				MonkeyDevDevicePort = "";
				MonkeyDevInstallOnAnyBuild = YES;
				MonkeyDevInstallOnProfiling = YES;
				MonkeyDevkillProcessOnInstall = Contacts;
				PRODUCT_NAME = "$(TARGET_NAME)";
				TARGETED_DEVICE_FAMILY = "1,2";
			};
			name = Release;
		};
		B514DC74265079EC007912DA /* Debug */ = {
			isa = XCBuildConfiguration;
			buildSettings = {
				CLANG_ENABLE_OBJC_ARC = YES;
				CODE_SIGN_IDENTITY = "";
				CODE_SIGN_STYLE = Automatic;
				DYLIB_COMPATIBILITY_VERSION = 1;
				DYLIB_CURRENT_VERSION = 1;
				GCC_PRECOMPILE_PREFIX_HEADER = YES;
				GCC_PREFIX_HEADER = "hsl/hsl-Prefix.pch";
				HEADER_SEARCH_PATHS = (
					"$(MonkeyDevPath)/include",
					"$(MonkeyDevTheosPath)/vendor/include/**",
				);
				INSTALL_PATH = /Library/MobileSubstrate/DynamicLibraries;
				MonkeyDevBuildPackageOnAnyBuild = YES;
				MonkeyDevClearUiCacheOnInstall = NO;
				MonkeyDevCopyOnBuild = NO;
				MonkeyDevDeviceIP = 192.168.1.82;
				MonkeyDevDevicePassword = "";
				MonkeyDevDevicePort = "";
				MonkeyDevInstallOnAnyBuild = YES;
				MonkeyDevInstallOnProfiling = YES;
				MonkeyDevkillProcessOnInstall = Contacts;
				PRODUCT_NAME = "$(TARGET_NAME)";
				TARGETED_DEVICE_FAMILY = "1,2";
			};
			name = Debug;
		};
/* End XCBuildConfiguration section */

/* Begin XCConfigurationList section */
		B514DC59265079EB007912DA /* Build configuration list for PBXProject "hsl" */ = {
			isa = XCConfigurationList;
			buildConfigurations = (
				B514DC70265079EB007912DA /* Release */,
				B514DC71265079EB007912DA /* Debug */,
			);
			defaultConfigurationIsVisible = 0;
			defaultConfigurationName = Release;
		};
		B514DC72265079EC007912DA /* Build configuration list for PBXNativeTarget "hsl" */ = {
			isa = XCConfigurationList;
			buildConfigurations = (
				B514DC73265079EC007912DA /* Release */,
				B514DC74265079EC007912DA /* Debug */,
			);
			defaultConfigurationIsVisible = 0;
			defaultConfigurationName = Release;
		};
/* End XCConfigurationList section */
	};
	rootObject = B514DC56265079EB007912DA /* Project object */;
}
